
Microsoft Visual Studio Solution File, Format Version 12.00
# Visual Studio Version 16
VisualStudioVersion = 16.0.32630.194
MinimumVisualStudioVersion = 10.0.40219.1
Project("{9A19103F-16F7-4668-BE54-9A1E7A4F7556}") = "MovieMaster", "MovieMaster\MovieMaster.csproj", "{F664A896-B6F1-48C8-A008-B8980CB1CCA6}"
EndProject
Project("{9A19103F-16F7-4668-BE54-9A1E7A4F7556}") = "MovieMaster.Service", "MovieMaster.Service\MovieMaster.Service.csproj", "{AE0ECD58-D230-4452-B760-47377F6D29EC}"
EndProject
Project("{9A19103F-16F7-4668-BE54-9A1E7A4F7556}") = "MovieMaster.Data", "MovieMaster.Data\MovieMaster.Data.csproj", "{D1D2E4B2-4B71-474A-80F3-2E7C2A50D4DC}"
EndProject
Project("{2150E333-8FDC-42A3-9474-1A3956D46DE8}") = "Solution Files", "Solution Files", "{51683BD0-21AD-4347-90FF-8D475DE231C7}"
	ProjectSection(SolutionItems) = preProject
		ReadMe.md = ReadMe.md
	EndProjectSection
EndProject
Project("{9A19103F-16F7-4668-BE54-9A1E7A4F7556}") = "MovieMaster.Data.Tests", "MovieMaster.Data.Tests\MovieMaster.Data.Tests.csproj", "{5D20FAFE-8D16-4205-A913-472BA85E2845}"
EndProject
Project("{2150E333-8FDC-42A3-9474-1A3956D46DE8}") = "Src", "Src", "{647108F2-4444-4F3D-B73C-FC6A9EEEAB07}"
EndProject
Project("{9A19103F-16F7-4668-BE54-9A1E7A4F7556}") = "MovieMaster.Service.Tests", "MovieMaster.Service.Tests\MovieMaster.Service.Tests.csproj", "{AC920C33-BC85-4960-98FE-ED988596CDF8}"
EndProject
Global
	GlobalSection(SolutionConfigurationPlatforms) = preSolution
		Debug|Any CPU = Debug|Any CPU
		Release|Any CPU = Release|Any CPU
	EndGlobalSection
	GlobalSection(ProjectConfigurationPlatforms) = postSolution
		{F664A896-B6F1-48C8-A008-B8980CB1CCA6}.Debug|Any CPU.ActiveCfg = Debug|Any CPU
		{F664A896-B6F1-48C8-A008-B8980CB1CCA6}.Debug|Any CPU.Build.0 = Debug|Any CPU
		{F664A896-B6F1-48C8-A008-B8980CB1CCA6}.Release|Any CPU.ActiveCfg = Release|Any CPU
		{F664A896-B6F1-48C8-A008-B8980CB1CCA6}.Release|Any CPU.Build.0 = Release|Any CPU
		{AE0ECD58-D230-4452-B760-47377F6D29EC}.Debug|Any CPU.ActiveCfg = Debug|Any CPU
		{AE0ECD58-D230-4452-B760-47377F6D29EC}.Debug|Any CPU.Build.0 = Debug|Any CPU
		{AE0ECD58-D230-4452-B760-47377F6D29EC}.Release|Any CPU.ActiveCfg = Release|Any CPU
		{AE0ECD58-D230-4452-B760-47377F6D29EC}.Release|Any CPU.Build.0 = Release|Any CPU
		{D1D2E4B2-4B71-474A-80F3-2E7C2A50D4DC}.Debug|Any CPU.ActiveCfg = Debug|Any CPU
		{D1D2E4B2-4B71-474A-80F3-2E7C2A50D4DC}.Debug|Any CPU.Build.0 = Debug|Any CPU
		{D1D2E4B2-4B71-474A-80F3-2E7C2A50D4DC}.Release|Any CPU.ActiveCfg = Release|Any CPU
		{D1D2E4B2-4B71-474A-80F3-2E7C2A50D4DC}.Release|Any CPU.Build.0 = Release|Any CPU
		{5D20FAFE-8D16-4205-A913-472BA85E2845}.Debug|Any CPU.ActiveCfg = Debug|Any CPU
		{5D20FAFE-8D16-4205-A913-472BA85E2845}.Debug|Any CPU.Build.0 = Debug|Any CPU
		{5D20FAFE-8D16-4205-A913-472BA85E2845}.Release|Any CPU.ActiveCfg = Release|Any CPU
		{5D20FAFE-8D16-4205-A913-472BA85E2845}.Release|Any CPU.Build.0 = Release|Any CPU
		{AC920C33-BC85-4960-98FE-ED988596CDF8}.Debug|Any CPU.ActiveCfg = Debug|Any CPU
		{AC920C33-BC85-4960-98FE-ED988596CDF8}.Debug|Any CPU.Build.0 = Debug|Any CPU
		{AC920C33-BC85-4960-98FE-ED988596CDF8}.Release|Any CPU.ActiveCfg = Release|Any CPU
		{AC920C33-BC85-4960-98FE-ED988596CDF8}.Release|Any CPU.Build.0 = Release|Any CPU
	EndGlobalSection
	GlobalSection(SolutionProperties) = preSolution
		HideSolutionNode = FALSE
	EndGlobalSection
	GlobalSection(NestedProjects) = preSolution
		{F664A896-B6F1-48C8-A008-B8980CB1CCA6} = {647108F2-4444-4F3D-B73C-FC6A9EEEAB07}
		{AE0ECD58-D230-4452-B760-47377F6D29EC} = {647108F2-4444-4F3D-B73C-FC6A9EEEAB07}
		{D1D2E4B2-4B71-474A-80F3-2E7C2A50D4DC} = {647108F2-4444-4F3D-B73C-FC6A9EEEAB07}
		{5D20FAFE-8D16-4205-A913-472BA85E2845} = {647108F2-4444-4F3D-B73C-FC6A9EEEAB07}
		{AC920C33-BC85-4960-98FE-ED988596CDF8} = {647108F2-4444-4F3D-B73C-FC6A9EEEAB07}
	EndGlobalSection
	GlobalSection(ExtensibilityGlobals) = postSolution
		SolutionGuid = {52FADFCB-B023-46D2-9A26-E20A039B7B25}
	EndGlobalSection
EndGlobal
